
Microsoft Visual Studio Solution File, Format Version 12.00
# Visual Studio 15
VisualStudioVersion = 15.0.27130.2036
MinimumVisualStudioVersion = 10.0.40219.1
Project("{FAE04EC0-301F-11D3-BF4B-00C04F79EFBC}") = "BigTree", "BigTree\BigTree.csproj", "{ECF8F795-E44A-4B88-B6B7-35F14D1AE8D6}"
EndProject
Project("{FAE04EC0-301F-11D3-BF4B-00C04F79EFBC}") = "BigTree.Calc", "BigTree.Calc\BigTree.Calc.csproj", "{913F47AE-4C1C-44DF-B8A0-A64C9C9D7E2C}"
EndProject
Global
	GlobalSection(SolutionConfigurationPlatforms) = preSolution
		Debug|Any CPU = Debug|Any CPU
		Release|Any CPU = Release|Any CPU
	EndGlobalSection
	GlobalSection(ProjectConfigurationPlatforms) = postSolution
		{ECF8F795-E44A-4B88-B6B7-35F14D1AE8D6}.Debug|Any CPU.ActiveCfg = Debug|Any CPU
		{ECF8F795-E44A-4B88-B6B7-35F14D1AE8D6}.Debug|Any CPU.Build.0 = Debug|Any CPU
		{ECF8F795-E44A-4B88-B6B7-35F14D1AE8D6}.Release|Any CPU.ActiveCfg = Release|Any CPU
		{ECF8F795-E44A-4B88-B6B7-35F14D1AE8D6}.Release|Any CPU.Build.0 = Release|Any CPU
		{913F47AE-4C1C-44DF-B8A0-A64C9C9D7E2C}.Debug|Any CPU.ActiveCfg = Debug|Any CPU
		{913F47AE-4C1C-44DF-B8A0-A64C9C9D7E2C}.Debug|Any CPU.Build.0 = Debug|Any CPU
		{913F47AE-4C1C-44DF-B8A0-A64C9C9D7E2C}.Release|Any CPU.ActiveCfg = Release|Any CPU
		{913F47AE-4C1C-44DF-B8A0-A64C9C9D7E2C}.Release|Any CPU.Build.0 = Release|Any CPU
	EndGlobalSection
	GlobalSection(SolutionProperties) = preSolution
		HideSolutionNode = FALSE
	EndGlobalSection
	GlobalSection(ExtensibilityGlobals) = postSolution
		SolutionGuid = {CFB898FB-2B73-4D52-A765-C1AD40F7954E}
	EndGlobalSection
EndGlobal
